
Microsoft Visual Studio Solution File, Format Version 11.00
# Visual Studio 2010
Project("{FAE04EC0-301F-11D3-BF4B-00C04F79EFBC}") = "LiveControl", "LiveControl\LiveControl.csproj", "{8E5B1132-1045-4CA4-B31E-00BC2AA109A9}"
EndProject
Project("{FAE04EC0-301F-11D3-BF4B-00C04F79EFBC}") = "LiveControlWFCL", "LiveControlWFCL\LiveControlWFCL.csproj", "{83997AF0-F567-42DA-99D2-7C8DCB8A4755}"
EndProject
Project("{FAE04EC0-301F-11D3-BF4B-00C04F79EFBC}") = "LiveControl.Tests", "LiveControl.Tests\LiveControl.Tests.csproj", "{C2C90DDE-3DBA-47B5-BB24-04FFF0CC69B2}"
EndProject
Global
	GlobalSection(SolutionConfigurationPlatforms) = preSolution
		Debug|Any CPU = Debug|Any CPU
		Debug|x86 = Debug|x86
		Release|Any CPU = Release|Any CPU
		Release|x86 = Release|x86
	EndGlobalSection
	GlobalSection(ProjectConfigurationPlatforms) = postSolution
		{8E5B1132-1045-4CA4-B31E-00BC2AA109A9}.Debug|Any CPU.ActiveCfg = Debug|Any CPU
		{8E5B1132-1045-4CA4-B31E-00BC2AA109A9}.Debug|Any CPU.Build.0 = Debug|Any CPU
		{8E5B1132-1045-4CA4-B31E-00BC2AA109A9}.Debug|x86.ActiveCfg = Debug|x86
		{8E5B1132-1045-4CA4-B31E-00BC2AA109A9}.Debug|x86.Build.0 = Debug|x86
		{8E5B1132-1045-4CA4-B31E-00BC2AA109A9}.Release|Any CPU.ActiveCfg = Release|Any CPU
		{8E5B1132-1045-4CA4-B31E-00BC2AA109A9}.Release|Any CPU.Build.0 = Release|Any CPU
		{8E5B1132-1045-4CA4-B31E-00BC2AA109A9}.Release|x86.ActiveCfg = Release|x86
		{8E5B1132-1045-4CA4-B31E-00BC2AA109A9}.Release|x86.Build.0 = Release|x86
		{83997AF0-F567-42DA-99D2-7C8DCB8A4755}.Debug|Any CPU.ActiveCfg = Debug|Any CPU
		{83997AF0-F567-42DA-99D2-7C8DCB8A4755}.Debug|Any CPU.Build.0 = Debug|Any CPU
		{83997AF0-F567-42DA-99D2-7C8DCB8A4755}.Debug|x86.ActiveCfg = Debug|Any CPU
		{83997AF0-F567-42DA-99D2-7C8DCB8A4755}.Debug|x86.Build.0 = Debug|Any CPU
		{83997AF0-F567-42DA-99D2-7C8DCB8A4755}.Release|Any CPU.ActiveCfg = Release|Any CPU
		{83997AF0-F567-42DA-99D2-7C8DCB8A4755}.Release|Any CPU.Build.0 = Release|Any CPU
		{83997AF0-F567-42DA-99D2-7C8DCB8A4755}.Release|x86.ActiveCfg = Release|Any CPU
		{C2C90DDE-3DBA-47B5-BB24-04FFF0CC69B2}.Debug|Any CPU.ActiveCfg = Debug|Any CPU
		{C2C90DDE-3DBA-47B5-BB24-04FFF0CC69B2}.Debug|Any CPU.Build.0 = Debug|Any CPU
		{C2C90DDE-3DBA-47B5-BB24-04FFF0CC69B2}.Debug|x86.ActiveCfg = Debug|Any CPU
		{C2C90DDE-3DBA-47B5-BB24-04FFF0CC69B2}.Debug|x86.Build.0 = Debug|Any CPU
		{C2C90DDE-3DBA-47B5-BB24-04FFF0CC69B2}.Release|Any CPU.ActiveCfg = Release|Any CPU
		{C2C90DDE-3DBA-47B5-BB24-04FFF0CC69B2}.Release|Any CPU.Build.0 = Release|Any CPU
		{C2C90DDE-3DBA-47B5-BB24-04FFF0CC69B2}.Release|x86.ActiveCfg = Release|Any CPU
	EndGlobalSection
	GlobalSection(SolutionProperties) = preSolution
		HideSolutionNode = FALSE
	EndGlobalSection
	GlobalSection(ExtensibilityGlobals) = postSolution
		VisualSVNWorkingCopyRoot = 
	EndGlobalSection
EndGlobal
